// !$*UTF8*$!
{
	archiveVersion = 1;
	classes = {
	};
	objectVersion = 56;
	objects = {

/* Begin PBXBuildFile section */
		6A15A4C92B42D67D00532C18 /* AppDelegate.swift in Sources */ = {isa = PBXBuildFile; fileRef = 6A15A4C82B42D67D00532C18 /* AppDelegate.swift */; };
		6A15A4CD2B42D67D00532C18 /* ViewController.swift in Sources */ = {isa = PBXBuildFile; fileRef = 6A15A4CC2B42D67D00532C18 /* ViewController.swift */; };
		6A15A4D52B42D67F00532C18 /* LaunchScreen.storyboard in Resources */ = {isa = PBXBuildFile; fileRef = 6A15A4D32B42D67F00532C18 /* LaunchScreen.storyboard */; };
		6A15A4DD2B42D6AB00532C18 /* Main.storyboard in Resources */ = {isa = PBXBuildFile; fileRef = 6A15A4DC2B42D6AB00532C18 /* Main.storyboard */; };
		6A15A4DF2B42D6C000532C18 /* WebviewClass.swift in Sources */ = {isa = PBXBuildFile; fileRef = 6A15A4DE2B42D6C000532C18 /* WebviewClass.swift */; };
		6A15A4E22B42D6CD00532C18 /* Webview.xib in Resources */ = {isa = PBXBuildFile; fileRef = 6A15A4E12B42D6CD00532C18 /* Webview.xib */; };
		6A15A4E52B42D6DB00532C18 /* GlobelModel.swift in Sources */ = {isa = PBXBuildFile; fileRef = 6A15A4E42B42D6DB00532C18 /* GlobelModel.swift */; };
		6A15A4E72B42D6E000532C18 /* BookmarkCell.swift in Sources */ = {isa = PBXBuildFile; fileRef = 6A15A4E62B42D6E000532C18 /* BookmarkCell.swift */; };
		6A15A4E92B42D6E400532C18 /* BookmarkCell.xib in Resources */ = {isa = PBXBuildFile; fileRef = 6A15A4E82B42D6E400532C18 /* BookmarkCell.xib */; };
		6A15A4F12B42D72700532C18 /* SplitSupportingView.swift in Sources */ = {isa = PBXBuildFile; fileRef = 6A15A4EC2B42D72700532C18 /* SplitSupportingView.swift */; };
		6A15A4F22B42D72700532C18 /* SplitViewHandle.swift in Sources */ = {isa = PBXBuildFile; fileRef = 6A15A4ED2B42D72700532C18 /* SplitViewHandle.swift */; };
		6A15A4F32B42D72700532C18 /* SplitView.swift in Sources */ = {isa = PBXBuildFile; fileRef = 6A15A4EF2B42D72700532C18 /* SplitView.swift */; };
		6A15A4F42B42D72700532C18 /* SplitViewSnapBehavior.swift in Sources */ = {isa = PBXBuildFile; fileRef = 6A15A4F02B42D72700532C18 /* SplitViewSnapBehavior.swift */; };
		6A9093E52B4AE7CB008E0D08 /* Assets.xcassets in Resources */ = {isa = PBXBuildFile; fileRef = 6A9093E42B4AE7CB008E0D08 /* Assets.xcassets */; };
		6A9093E82B4AE909008E0D08 /* Welcome.storyboard in Resources */ = {isa = PBXBuildFile; fileRef = 6A9093E72B4AE909008E0D08 /* Welcome.storyboard */; };
/* End PBXBuildFile section */

/* Begin PBXFileReference section */
		6A15A4C52B42D67D00532C18 /* SplitBrowser.app */ = {isa = PBXFileReference; explicitFileType = wrapper.application; includeInIndex = 0; path = SplitBrowser.app; sourceTree = BUILT_PRODUCTS_DIR; };
		6A15A4C82B42D67D00532C18 /* AppDelegate.swift */ = {isa = PBXFileReference; lastKnownFileType = sourcecode.swift; path = AppDelegate.swift; sourceTree = "<group>"; };
		6A15A4CC2B42D67D00532C18 /* ViewController.swift */ = {isa = PBXFileReference; lastKnownFileType = sourcecode.swift; path = ViewController.swift; sourceTree = "<group>"; };
		6A15A4D42B42D67F00532C18 /* Base */ = {isa = PBXFileReference; lastKnownFileType = file.storyboard; name = Base; path = Base.lproj/LaunchScreen.storyboard; sourceTree = "<group>"; };
		6A15A4D62B42D67F00532C18 /* Info.plist */ = {isa = PBXFileReference; lastKnownFileType = text.plist.xml; path = Info.plist; sourceTree = "<group>"; };
		6A15A4DC2B42D6AB00532C18 /* Main.storyboard */ = {isa = PBXFileReference; fileEncoding = 4; lastKnownFileType = file.storyboard; path = Main.storyboard; sourceTree = "<group>"; };
		6A15A4DE2B42D6C000532C18 /* WebviewClass.swift */ = {isa = PBXFileReference; fileEncoding = 4; lastKnownFileType = sourcecode.swift; path = WebviewClass.swift; sourceTree = "<group>"; };
		6A15A4E12B42D6CD00532C18 /* Webview.xib */ = {isa = PBXFileReference; fileEncoding = 4; lastKnownFileType = file.xib; path = Webview.xib; sourceTree = "<group>"; };
		6A15A4E42B42D6DB00532C18 /* GlobelModel.swift */ = {isa = PBXFileReference; fileEncoding = 4; lastKnownFileType = sourcecode.swift; path = GlobelModel.swift; sourceTree = "<group>"; };
		6A15A4E62B42D6E000532C18 /* BookmarkCell.swift */ = {isa = PBXFileReference; fileEncoding = 4; lastKnownFileType = sourcecode.swift; path = BookmarkCell.swift; sourceTree = "<group>"; };
		6A15A4E82B42D6E400532C18 /* BookmarkCell.xib */ = {isa = PBXFileReference; fileEncoding = 4; lastKnownFileType = file.xib; path = BookmarkCell.xib; sourceTree = "<group>"; };
		6A15A4EC2B42D72700532C18 /* SplitSupportingView.swift */ = {isa = PBXFileReference; fileEncoding = 4; lastKnownFileType = sourcecode.swift; path = SplitSupportingView.swift; sourceTree = "<group>"; };
		6A15A4ED2B42D72700532C18 /* SplitViewHandle.swift */ = {isa = PBXFileReference; fileEncoding = 4; lastKnownFileType = sourcecode.swift; path = SplitViewHandle.swift; sourceTree = "<group>"; };
		6A15A4EE2B42D72700532C18 /* SplitView.h */ = {isa = PBXFileReference; fileEncoding = 4; lastKnownFileType = sourcecode.c.h; path = SplitView.h; sourceTree = "<group>"; };
		6A15A4EF2B42D72700532C18 /* SplitView.swift */ = {isa = PBXFileReference; fileEncoding = 4; lastKnownFileType = sourcecode.swift; path = SplitView.swift; sourceTree = "<group>"; };
		6A15A4F02B42D72700532C18 /* SplitViewSnapBehavior.swift */ = {isa = PBXFileReference; fileEncoding = 4; lastKnownFileType = sourcecode.swift; path = SplitViewSnapBehavior.swift; sourceTree = "<group>"; };
		6A9093E42B4AE7CB008E0D08 /* Assets.xcassets */ = {isa = PBXFileReference; lastKnownFileType = folder.assetcatalog; path = Assets.xcassets; sourceTree = "<group>"; };
		6A9093E72B4AE909008E0D08 /* Welcome.storyboard */ = {isa = PBXFileReference; lastKnownFileType = file.storyboard; path = Welcome.storyboard; sourceTree = "<group>"; };
/* End PBXFileReference section */

/* Begin PBXFrameworksBuildPhase section */
		6A15A4C22B42D67D00532C18 /* Frameworks */ = {
			isa = PBXFrameworksBuildPhase;
			buildActionMask = 2147483647;
			files = (
			);
			runOnlyForDeploymentPostprocessing = 0;
		};
/* End PBXFrameworksBuildPhase section */

/* Begin PBXGroup section */
		6A15A4BC2B42D67D00532C18 = {
			isa = PBXGroup;
			children = (
				6A15A4C72B42D67D00532C18 /* SplitBrowser */,
				6A15A4C62B42D67D00532C18 /* Products */,
			);
			sourceTree = "<group>";
		};
		6A15A4C62B42D67D00532C18 /* Products */ = {
			isa = PBXGroup;
			children = (
				6A15A4C52B42D67D00532C18 /* SplitBrowser.app */,
			);
			name = Products;
			sourceTree = "<group>";
		};
		6A15A4C72B42D67D00532C18 /* SplitBrowser */ = {
			isa = PBXGroup;
			children = (
				6A15A4EB2B42D72700532C18 /* SplitView */,
				6A15A4E32B42D6D100532C18 /* Globel */,
				6A15A4E02B42D6C400532C18 /* Views */,
				6A15A4C82B42D67D00532C18 /* AppDelegate.swift */,
				6A15A4CC2B42D67D00532C18 /* ViewController.swift */,
				6A15A4DC2B42D6AB00532C18 /* Main.storyboard */,
				6A9093E42B4AE7CB008E0D08 /* Assets.xcassets */,
				6A15A4D32B42D67F00532C18 /* LaunchScreen.storyboard */,
				6A15A4D62B42D67F00532C18 /* Info.plist */,
			);
			path = SplitBrowser;
			sourceTree = "<group>";
		};
		6A15A4E02B42D6C400532C18 /* Views */ = {
			isa = PBXGroup;
			children = (
				6A9093E62B4AE900008E0D08 /* Welcome */,
				6A15A4EA2B42D6E800532C18 /* Cell */,
				6A15A4E12B42D6CD00532C18 /* Webview.xib */,
				6A15A4DE2B42D6C000532C18 /* WebviewClass.swift */,
			);
			path = Views;
			sourceTree = "<group>";
		};
		6A15A4E32B42D6D100532C18 /* Globel */ = {
			isa = PBXGroup;
			children = (
				6A15A4E42B42D6DB00532C18 /* GlobelModel.swift */,
			);
			path = Globel;
			sourceTree = "<group>";
		};
		6A15A4EA2B42D6E800532C18 /* Cell */ = {
			isa = PBXGroup;
			children = (
				6A15A4E62B42D6E000532C18 /* BookmarkCell.swift */,
				6A15A4E82B42D6E400532C18 /* BookmarkCell.xib */,
			);
			path = Cell;
			sourceTree = "<group>";
		};
		6A15A4EB2B42D72700532C18 /* SplitView */ = {
			isa = PBXGroup;
			children = (
				6A15A4EC2B42D72700532C18 /* SplitSupportingView.swift */,
				6A15A4ED2B42D72700532C18 /* SplitViewHandle.swift */,
				6A15A4EE2B42D72700532C18 /* SplitView.h */,
				6A15A4EF2B42D72700532C18 /* SplitView.swift */,
				6A15A4F02B42D72700532C18 /* SplitViewSnapBehavior.swift */,
			);
			path = SplitView;
			sourceTree = "<group>";
		};
		6A9093E62B4AE900008E0D08 /* Welcome */ = {
			isa = PBXGroup;
			children = (
				6A9093E72B4AE909008E0D08 /* Welcome.storyboard */,
			);
			path = Welcome;
			sourceTree = "<group>";
		};
/* End PBXGroup section */

/* Begin PBXNativeTarget section */
		6A15A4C42B42D67D00532C18 /* SplitBrowser */ = {
			isa = PBXNativeTarget;
			buildConfigurationList = 6A15A4D92B42D67F00532C18 /* Build configuration list for PBXNativeTarget "SplitBrowser" */;
			buildPhases = (
				6A15A4C12B42D67D00532C18 /* Sources */,
				6A15A4C22B42D67D00532C18 /* Frameworks */,
				6A15A4C32B42D67D00532C18 /* Resources */,
			);
			buildRules = (
			);
			dependencies = (
			);
			name = SplitBrowser;
			productName = SplitBrowser;
			productReference = 6A15A4C52B42D67D00532C18 /* SplitBrowser.app */;
			productType = "com.apple.product-type.application";
		};
/* End PBXNativeTarget section */

/* Begin PBXProject section */
		6A15A4BD2B42D67D00532C18 /* Project object */ = {
			isa = PBXProject;
			attributes = {
				BuildIndependentTargetsInParallel = 1;
				LastSwiftUpdateCheck = 1420;
				LastUpgradeCheck = 1420;
				TargetAttributes = {
					6A15A4C42B42D67D00532C18 = {
						CreatedOnToolsVersion = 14.2;
					};
				};
			};
			buildConfigurationList = 6A15A4C02B42D67D00532C18 /* Build configuration list for PBXProject "SplitBrowser" */;
			compatibilityVersion = "Xcode 14.0";
			developmentRegion = en;
			hasScannedForEncodings = 0;
			knownRegions = (
				en,
				Base,
			);
			mainGroup = 6A15A4BC2B42D67D00532C18;
			productRefGroup = 6A15A4C62B42D67D00532C18 /* Products */;
			projectDirPath = "";
			projectRoot = "";
			targets = (
				6A15A4C42B42D67D00532C18 /* SplitBrowser */,
			);
		};
/* End PBXProject section */

/* Begin PBXResourcesBuildPhase section */
		6A15A4C32B42D67D00532C18 /* Resources */ = {
			isa = PBXResourcesBuildPhase;
			buildActionMask = 2147483647;
			files = (
				6A15A4DD2B42D6AB00532C18 /* Main.storyboard in Resources */,
				6A15A4E92B42D6E400532C18 /* BookmarkCell.xib in Resources */,
				6A15A4E22B42D6CD00532C18 /* Webview.xib in Resources */,
				6A15A4D52B42D67F00532C18 /* LaunchScreen.storyboard in Resources */,
				6A9093E52B4AE7CB008E0D08 /* Assets.xcassets in Resources */,
				6A9093E82B4AE909008E0D08 /* Welcome.storyboard in Resources */,
			);
			runOnlyForDeploymentPostprocessing = 0;
		};
/* End PBXResourcesBuildPhase section */

/* Begin PBXSourcesBuildPhase section */
		6A15A4C12B42D67D00532C18 /* Sources */ = {
			isa = PBXSourcesBuildPhase;
			buildActionMask = 2147483647;
			files = (
				6A15A4F12B42D72700532C18 /* SplitSupportingView.swift in Sources */,
				6A15A4F32B42D72700532C18 /* SplitView.swift in Sources */,
				6A15A4E72B42D6E000532C18 /* BookmarkCell.swift in Sources */,
				6A15A4CD2B42D67D00532C18 /* ViewController.swift in Sources */,
				6A15A4F22B42D72700532C18 /* SplitViewHandle.swift in Sources */,
				6A15A4C92B42D67D00532C18 /* AppDelegate.swift in Sources */,
				6A15A4E52B42D6DB00532C18 /* GlobelModel.swift in Sources */,
				6A15A4DF2B42D6C000532C18 /* WebviewClass.swift in Sources */,
				6A15A4F42B42D72700532C18 /* SplitViewSnapBehavior.swift in Sources */,
			);
			runOnlyForDeploymentPostprocessing = 0;
		};
/* End PBXSourcesBuildPhase section */

/* Begin PBXVariantGroup section */
		6A15A4D32B42D67F00532C18 /* LaunchScreen.storyboard */ = {
			isa = PBXVariantGroup;
			children = (
				6A15A4D42B42D67F00532C18 /* Base */,
			);
			name = LaunchScreen.storyboard;
			sourceTree = "<group>";
		};
/* End PBXVariantGroup section */

/* Begin XCBuildConfiguration section */
		6A15A4D72B42D67F00532C18 /* Debug */ = {
			isa = XCBuildConfiguration;
			buildSettings = {
				ALWAYS_SEARCH_USER_PATHS = NO;
				CLANG_ANALYZER_NONNULL = YES;
				CLANG_ANALYZER_NUMBER_OBJECT_CONVERSION = YES_AGGRESSIVE;
				CLANG_CXX_LANGUAGE_STANDARD = "gnu++20";
				CLANG_ENABLE_MODULES = YES;
				CLANG_ENABLE_OBJC_ARC = YES;
				CLANG_ENABLE_OBJC_WEAK = YES;
				CLANG_WARN_BLOCK_CAPTURE_AUTORELEASING = YES;
				CLANG_WARN_BOOL_CONVERSION = YES;
				CLANG_WARN_COMMA = YES;
				CLANG_WARN_CONSTANT_CONVERSION = YES;
				CLANG_WARN_DEPRECATED_OBJC_IMPLEMENTATIONS = YES;
				CLANG_WARN_DIRECT_OBJC_ISA_USAGE = YES_ERROR;
				CLANG_WARN_DOCUMENTATION_COMMENTS = YES;
				CLANG_WARN_EMPTY_BODY = YES;
				CLANG_WARN_ENUM_CONVERSION = YES;
				CLANG_WARN_INFINITE_RECURSION = YES;
				CLANG_WARN_INT_CONVERSION = YES;
				CLANG_WARN_NON_LITERAL_NULL_CONVERSION = YES;
				CLANG_WARN_OBJC_IMPLICIT_RETAIN_SELF = YES;
				CLANG_WARN_OBJC_LITERAL_CONVERSION = YES;
				CLANG_WARN_OBJC_ROOT_CLASS = YES_ERROR;
				CLANG_WARN_QUOTED_INCLUDE_IN_FRAMEWORK_HEADER = YES;
				CLANG_WARN_RANGE_LOOP_ANALYSIS = YES;
				CLANG_WARN_STRICT_PROTOTYPES = YES;
				CLANG_WARN_SUSPICIOUS_MOVE = YES;
				CLANG_WARN_UNGUARDED_AVAILABILITY = YES_AGGRESSIVE;
				CLANG_WARN_UNREACHABLE_CODE = YES;
				CLANG_WARN__DUPLICATE_METHOD_MATCH = YES;
				COPY_PHASE_STRIP = NO;
				DEBUG_INFORMATION_FORMAT = dwarf;
				ENABLE_STRICT_OBJC_MSGSEND = YES;
				ENABLE_TESTABILITY = YES;
				GCC_C_LANGUAGE_STANDARD = gnu11;
				GCC_DYNAMIC_NO_PIC = NO;
				GCC_NO_COMMON_BLOCKS = YES;
				GCC_OPTIMIZATION_LEVEL = 0;
				GCC_PREPROCESSOR_DEFINITIONS = (
					"DEBUG=1",
					"$(inherited)",
				);
				GCC_WARN_64_TO_32_BIT_CONVERSION = YES;
				GCC_WARN_ABOUT_RETURN_TYPE = YES_ERROR;
				GCC_WARN_UNDECLARED_SELECTOR = YES;
				GCC_WARN_UNINITIALIZED_AUTOS = YES_AGGRESSIVE;
				GCC_WARN_UNUSED_FUNCTION = YES;
				GCC_WARN_UNUSED_VARIABLE = YES;
				IPHONEOS_DEPLOYMENT_TARGET = 16.2;
				MTL_ENABLE_DEBUG_INFO = INCLUDE_SOURCE;
				MTL_FAST_MATH = YES;
				ONLY_ACTIVE_ARCH = YES;
				SDKROOT = iphoneos;
				SWIFT_ACTIVE_COMPILATION_CONDITIONS = DEBUG;
				SWIFT_OPTIMIZATION_LEVEL = "-Onone";
			};
			name = Debug;
		};
		6A15A4D82B42D67F00532C18 /* Release */ = {
			isa = XCBuildConfiguration;
			buildSettings = {
				ALWAYS_SEARCH_USER_PATHS = NO;
				CLANG_ANALYZER_NONNULL = YES;
				CLANG_ANALYZER_NUMBER_OBJECT_CONVERSION = YES_AGGRESSIVE;
				CLANG_CXX_LANGUAGE_STANDARD = "gnu++20";
				CLANG_ENABLE_MODULES = YES;
				CLANG_ENABLE_OBJC_ARC = YES;
				CLANG_ENABLE_OBJC_WEAK = YES;
				CLANG_WARN_BLOCK_CAPTURE_AUTORELEASING = YES;
				CLANG_WARN_BOOL_CONVERSION = YES;
				CLANG_WARN_COMMA = YES;
				CLANG_WARN_CONSTANT_CONVERSION = YES;
				CLANG_WARN_DEPRECATED_OBJC_IMPLEMENTATIONS = YES;
				CLANG_WARN_DIRECT_OBJC_ISA_USAGE = YES_ERROR;
				CLANG_WARN_DOCUMENTATION_COMMENTS = YES;
				CLANG_WARN_EMPTY_BODY = YES;
				CLANG_WARN_ENUM_CONVERSION = YES;
				CLANG_WARN_INFINITE_RECURSION = YES;
				CLANG_WARN_INT_CONVERSION = YES;
				CLANG_WARN_NON_LITERAL_NULL_CONVERSION = YES;
				CLANG_WARN_OBJC_IMPLICIT_RETAIN_SELF = YES;
				CLANG_WARN_OBJC_LITERAL_CONVERSION = YES;
				CLANG_WARN_OBJC_ROOT_CLASS = YES_ERROR;
				CLANG_WARN_QUOTED_INCLUDE_IN_FRAMEWORK_HEADER = YES;
				CLANG_WARN_RANGE_LOOP_ANALYSIS = YES;
				CLANG_WARN_STRICT_PROTOTYPES = YES;
				CLANG_WARN_SUSPICIOUS_MOVE = YES;
				CLANG_WARN_UNGUARDED_AVAILABILITY = YES_AGGRESSIVE;
				CLANG_WARN_UNREACHABLE_CODE = YES;
				CLANG_WARN__DUPLICATE_METHOD_MATCH = YES;
				COPY_PHASE_STRIP = NO;
				DEBUG_INFORMATION_FORMAT = "dwarf-with-dsym";
				ENABLE_NS_ASSERTIONS = NO;
				ENABLE_STRICT_OBJC_MSGSEND = YES;
				GCC_C_LANGUAGE_STANDARD = gnu11;
				GCC_NO_COMMON_BLOCKS = YES;
				GCC_WARN_64_TO_32_BIT_CONVERSION = YES;
				GCC_WARN_ABOUT_RETURN_TYPE = YES_ERROR;
				GCC_WARN_UNDECLARED_SELECTOR = YES;
				GCC_WARN_UNINITIALIZED_AUTOS = YES_AGGRESSIVE;
				GCC_WARN_UNUSED_FUNCTION = YES;
				GCC_WARN_UNUSED_VARIABLE = YES;
				IPHONEOS_DEPLOYMENT_TARGET = 16.2;
				MTL_ENABLE_DEBUG_INFO = NO;
				MTL_FAST_MATH = YES;
				SDKROOT = iphoneos;
				SWIFT_COMPILATION_MODE = wholemodule;
				SWIFT_OPTIMIZATION_LEVEL = "-O";
				VALIDATE_PRODUCT = YES;
			};
			name = Release;
		};
		6A15A4DA2B42D67F00532C18 /* Debug */ = {
			isa = XCBuildConfiguration;
			buildSettings = {
				ASSETCATALOG_COMPILER_APPICON_NAME = AppIcon;
				ASSETCATALOG_COMPILER_GLOBAL_ACCENT_COLOR_NAME = AccentColor;
				CODE_SIGN_STYLE = Automatic;
				CURRENT_PROJECT_VERSION = 1;
				DEVELOPMENT_TEAM = 959YZPX78D;
				GENERATE_INFOPLIST_FILE = YES;
				INFOPLIST_FILE = SplitBrowser/Info.plist;
				INFOPLIST_KEY_UIApplicationSupportsIndirectInputEvents = YES;
				INFOPLIST_KEY_UILaunchStoryboardName = LaunchScreen;
				INFOPLIST_KEY_UIMainStoryboardFile = Main;
				INFOPLIST_KEY_UISupportedInterfaceOrientations_iPad = "UIInterfaceOrientationPortrait UIInterfaceOrientationPortraitUpsideDown UIInterfaceOrientationLandscapeLeft UIInterfaceOrientationLandscapeRight";
				INFOPLIST_KEY_UISupportedInterfaceOrientations_iPhone = "UIInterfaceOrientationPortrait UIInterfaceOrientationLandscapeLeft UIInterfaceOrientationLandscapeRight";
				IPHONEOS_DEPLOYMENT_TARGET = 13.2;
				LD_RUNPATH_SEARCH_PATHS = (
					"$(inherited)",
					"@executable_path/Frameworks",
				);
				MARKETING_VERSION = 1.0;
				PRODUCT_BUNDLE_IDENTIFIER = apps15.SplitBrowser;
				PRODUCT_NAME = "$(TARGET_NAME)";
				SWIFT_EMIT_LOC_STRINGS = YES;
				SWIFT_VERSION = 5.0;
				TARGETED_DEVICE_FAMILY = "1,2";
			};
			name = Debug;
		};
		6A15A4DB2B42D67F00532C18 /* Release */ = {
			isa = XCBuildConfiguration;
			buildSettings = {
				ASSETCATALOG_COMPILER_APPICON_NAME = AppIcon;
				ASSETCATALOG_COMPILER_GLOBAL_ACCENT_COLOR_NAME = AccentColor;
				CODE_SIGN_STYLE = Automatic;
				CURRENT_PROJECT_VERSION = 1;
				DEVELOPMENT_TEAM = 959YZPX78D;
				GENERATE_INFOPLIST_FILE = YES;
				INFOPLIST_FILE = SplitBrowser/Info.plist;
				INFOPLIST_KEY_UIApplicationSupportsIndirectInputEvents = YES;
				INFOPLIST_KEY_UILaunchStoryboardName = LaunchScreen;
				INFOPLIST_KEY_UIMainStoryboardFile = Main;
				INFOPLIST_KEY_UISupportedInterfaceOrientations_iPad = "UIInterfaceOrientationPortrait UIInterfaceOrientationPortraitUpsideDown UIInterfaceOrientationLandscapeLeft UIInterfaceOrientationLandscapeRight";
				INFOPLIST_KEY_UISupportedInterfaceOrientations_iPhone = "UIInterfaceOrientationPortrait UIInterfaceOrientationLandscapeLeft UIInterfaceOrientationLandscapeRight";
				IPHONEOS_DEPLOYMENT_TARGET = 13.2;
				LD_RUNPATH_SEARCH_PATHS = (
					"$(inherited)",
					"@executable_path/Frameworks",
				);
				MARKETING_VERSION = 1.0;
				PRODUCT_BUNDLE_IDENTIFIER = apps15.SplitBrowser;
				PRODUCT_NAME = "$(TARGET_NAME)";
				SWIFT_EMIT_LOC_STRINGS = YES;
				SWIFT_VERSION = 5.0;
				TARGETED_DEVICE_FAMILY = "1,2";
			};
			name = Release;
		};
/* End XCBuildConfiguration section */

/* Begin XCConfigurationList section */
		6A15A4C02B42D67D00532C18 /* Build configuration list for PBXProject "SplitBrowser" */ = {
			isa = XCConfigurationList;
			buildConfigurations = (
				6A15A4D72B42D67F00532C18 /* Debug */,
				6A15A4D82B42D67F00532C18 /* Release */,
			);
			defaultConfigurationIsVisible = 0;
			defaultConfigurationName = Release;
		};
		6A15A4D92B42D67F00532C18 /* Build configuration list for PBXNativeTarget "SplitBrowser" */ = {
			isa = XCConfigurationList;
			buildConfigurations = (
				6A15A4DA2B42D67F00532C18 /* Debug */,
				6A15A4DB2B42D67F00532C18 /* Release */,
			);
			defaultConfigurationIsVisible = 0;
			defaultConfigurationName = Release;
		};
/* End XCConfigurationList section */
	};
	rootObject = 6A15A4BD2B42D67D00532C18 /* Project object */;
}
